
Microsoft Visual Studio Solution File, Format Version 12.00
# Visual Studio Version 17
VisualStudioVersion = 17.5.002.0
MinimumVisualStudioVersion = 10.0.40219.1
Project("{9A19103F-16F7-4668-BE54-9A1E7A4F7556}") = "HelloUser", "HelloUser.csproj", "{13B586EF-318C-4656-935B-0E490A806DEF}"
EndProject
Global
	GlobalSection(SolutionConfigurationPlatforms) = preSolution
		Debug|Any CPU = Debug|Any CPU
		Release|Any CPU = Release|Any CPU
	EndGlobalSection
	GlobalSection(ProjectConfigurationPlatforms) = postSolution
		{13B586EF-318C-4656-935B-0E490A806DEF}.Debug|Any CPU.ActiveCfg = Debug|Any CPU
		{13B586EF-318C-4656-935B-0E490A806DEF}.Debug|Any CPU.Build.0 = Debug|Any CPU
		{13B586EF-318C-4656-935B-0E490A806DEF}.Release|Any CPU.ActiveCfg = Release|Any CPU
		{13B586EF-318C-4656-935B-0E490A806DEF}.Release|Any CPU.Build.0 = Release|Any CPU
	EndGlobalSection
	GlobalSection(SolutionProperties) = preSolution
		HideSolutionNode = FALSE
	EndGlobalSection
	GlobalSection(ExtensibilityGlobals) = postSolution
		SolutionGuid = {807466FC-9B0D-4C73-B0C4-452F7282BDC6}
	EndGlobalSection
EndGlobal
